{
  "originHash" : "4dab95a9ec9e0898f17214fea71f021ed60af45007f97d8fa39a317479eb88b5",
  "pins" : [
    {
      "identity" : "alamofire",
      "kind" : "remoteSourceControl",
      "location" : "https://github.com/Alamofire/Alamofire.git",
      "state" : {
        "revision" : "7595cbcf59809f9977c5f6378500de2ad73b7ddb",
        "version" : "5.12.0"
      }
    },
    {
      "identity" : "amplitude-ios",
      "kind" : "remoteSourceControl",
      "location" : "https://github.com/amplitude/Amplitude-iOS.git",
      "state" : {
        "branch" : "main",
        "revision" : "f1cfd38cf2c08903e9677b09c916f307b05c12ca"
      }
    },
    {
      "identity" : "analytics-connector-ios",
      "kind" : "remoteSourceControl",
      "location" : "https://github.com/amplitude/analytics-connector-ios.git",
      "state" : {
        "revision" : "982b4c787285d213653bd2a504d6a86b52227cea",
        "version" : "1.3.2"
      }
    },
    {
      "identity" : "aws-sdk-ios-spm",
      "kind" : "remoteSourceControl",
      "location" : "https://github.com/aws-amplify/aws-sdk-ios-spm",
      "state" : {
        "revision" : "f2e9fbed08dd14a962f8d62d7e302d73b9ecb429",
        "version" : "2.41.0"
      }
    },
    {
      "identity" : "clarity-apps",
      "kind" : "remoteSourceControl",
      "location" : "https://github.com/microsoft/clarity-apps",
      "state" : {
        "revision" : "88652502e9427779c8c10a75bab49125143865af",
        "version" : "3.5.4"
      }
    },
    {
      "identity" : "fyvideocompressor",
      "kind" : "remoteSourceControl",
      "location" : "https://github.com/T2Je/FYVideoCompressor.git",
      "state" : {
        "revision" : "9a932d3b90291be8072d56cc34fee8f69f844ac8",
        "version" : "0.0.9"
      }
    },
    {
      "identity" : "kractivityindicatorview",
      "kind" : "remoteSourceControl",
      "location" : "https://github.com/krimpedance/KRActivityIndicatorView.git",
      "state" : {
        "revision" : "925de8a9c15d9d7c2ca746dbe198549241b8b2b2",
        "version" : "3.0.8"
      }
    },
    {
      "identity" : "krprogresshud",
      "kind" : "remoteSourceControl",
      "location" : "https://github.com/krimpedance/KRProgressHUD.git",
      "state" : {
        "revision" : "2d6b0246682fce2c8e226235c9cd6065d0b95e00",
        "version" : "3.4.8"
      }
    },
    {
      "identity" : "lottie-spm",
      "kind" : "remoteSourceControl",
      "location" : "https://github.com/airbnb/lottie-spm.git",
      "state" : {
        "revision" : "0aff16288f8dc1e3dab35cbf5cf45979673fd3df",
        "version" : "4.6.1"
      }
    },
    {
      "identity" : "moya",
      "kind" : "remoteSourceControl",
      "location" : "https://github.com/Moya/Moya.git",
      "state" : {
        "revision" : "c263811c1f3dbf002be9bd83107f7cdc38992b26",
        "version" : "15.0.3"
      }
    },
    {
      "identity" : "posthog-ios",
      "kind" : "remoteSourceControl",
      "location" : "https://github.com/PostHog/posthog-ios.git",
      "state" : {
        "revision" : "ee5b5705b0038f0c44646cde5fe972bb65387596",
        "version" : "3.61.0"
      }
    },
    {
      "identity" : "reactiveswift",
      "kind" : "remoteSourceControl",
      "location" : "https://github.com/ReactiveCocoa/ReactiveSwift.git",
      "state" : {
        "revision" : "c43bae3dac73fdd3cb906bd5a1914686ca71ed3c",
        "version" : "6.7.0"
      }
    },
    {
      "identity" : "realm-core",
      "kind" : "remoteSourceControl",
      "location" : "https://github.com/realm/realm-core.git",
      "state" : {
        "revision" : "b4192c46305570577c4d08df790fddec5ab3aa04",
        "version" : "20.1.5"
      }
    },
    {
      "identity" : "rxswift",
      "kind" : "remoteSourceControl",
      "location" : "https://github.com/ReactiveX/RxSwift.git",
      "state" : {
        "revision" : "132aea4f236ccadc51590b38af0357a331d51fa2",
        "version" : "6.10.2"
      }
    },
    {
      "identity" : "sdwebimage",
      "kind" : "remoteSourceControl",
      "location" : "https://github.com/SDWebImage/SDWebImage.git",
      "state" : {
        "revision" : "2de3a496eaf6df9a1312862adcfd54acd73c39c0",
        "version" : "5.21.7"
      }
    },
    {
      "identity" : "spyneautomobilesdk",
      "kind" : "remoteSourceControl",
      "location" : "https://github.com/spyne-ai-tech/SpyneAutomobileSDK",
      "state" : {
        "revision" : "12e42f4c498781e1fb71f8ff6918d60a92d3cb02"
      }
    },
    {
      "identity" : "spynerealmsdk",
      "kind" : "remoteSourceControl",
      "location" : "https://github.com/spyne-ai-tech/SpyneRealmSDK",
      "state" : {
        "revision" : "2870550fd70b33d2c1d67ba9cca60772ec0d821d",
        "version" : "20.0.5"
      }
    },
    {
      "identity" : "spynethetasdk",
      "kind" : "remoteSourceControl",
      "location" : "https://github.com/spyne-ai-tech/SpyneThetaSDK",
      "state" : {
        "branch" : "main",
        "revision" : "cb04e5544c937ada73f3440171e93ead41107f5a"
      }
    },
    {
      "identity" : "swiftmessages",
      "kind" : "remoteSourceControl",
      "location" : "https://github.com/SwiftKickMobile/SwiftMessages.git",
      "state" : {
        "revision" : "c0ff6c65bfc00e6a707957cb7069988c5cde2a30",
        "version" : "10.0.2"
      }
    },
    {
      "identity" : "swiftygif",
      "kind" : "remoteSourceControl",
      "location" : "https://github.com/kirualex/SwiftyGif.git",
      "state" : {
        "revision" : "4430cbc148baa3907651d40562d96325426f409a",
        "version" : "5.4.5"
      }
    },
    {
      "identity" : "toast-swift",
      "kind" : "remoteSourceControl",
      "location" : "https://github.com/scalessec/Toast-Swift.git",
      "state" : {
        "revision" : "ddccd20d6fb718448d9b179c454c561653fda7d5",
        "version" : "5.1.1"
      }
    },
    {
      "identity" : "viewanimator",
      "kind" : "remoteSourceControl",
      "location" : "https://github.com/marcosgriselli/ViewAnimator.git",
      "state" : {
        "revision" : "55f1c46241b181c3e0b68d70edb6d87926c7d183",
        "version" : "3.1.0"
      }
    }
  ],
  "version" : 3
}
